
Microsoft Visual Studio Solution File, Format Version 12.00
# Visual Studio Version 16
VisualStudioVersion = 16.0.30011.22
MinimumVisualStudioVersion = 10.0.40219.1
Project("{FAE04EC0-301F-11D3-BF4B-00C04F79EFBC}") = "Esoft_Project", "Esoft_Project\Esoft_Project.csproj", "{04E556F4-AF98-4147-A9FA-8849C06CB449}"
EndProject
Global
	GlobalSection(SolutionConfigurationPlatforms) = preSolution
		Debug|Any CPU = Debug|Any CPU
		Release|Any CPU = Release|Any CPU
	EndGlobalSection
	GlobalSection(ProjectConfigurationPlatforms) = postSolution
		{04E556F4-AF98-4147-A9FA-8849C06CB449}.Debug|Any CPU.ActiveCfg = Debug|Any CPU
		{04E556F4-AF98-4147-A9FA-8849C06CB449}.Debug|Any CPU.Build.0 = Debug|Any CPU
		{04E556F4-AF98-4147-A9FA-8849C06CB449}.Release|Any CPU.ActiveCfg = Release|Any CPU
		{04E556F4-AF98-4147-A9FA-8849C06CB449}.Release|Any CPU.Build.0 = Release|Any CPU
	EndGlobalSection
	GlobalSection(SolutionProperties) = preSolution
		HideSolutionNode = FALSE
	EndGlobalSection
	GlobalSection(ExtensibilityGlobals) = postSolution
		SolutionGuid = {E8AA0335-EDEC-4277-BFCD-CCC7A7B02D91}
	EndGlobalSection
EndGlobal
